
Microsoft Visual Studio Solution File, Format Version 12.00
# Visual Studio Version 16
VisualStudioVersion = 16.0.28803.202
MinimumVisualStudioVersion = 10.0.40219.1
Project("{9A19103F-16F7-4668-BE54-9A1E7A4F7556}") = "BlazorDestinationGame", "BlazorNetCore3x\BlazorDestinationGame.csproj", "{63A813B4-6FEC-4A31-88B3-2D658D1A0C29}"
EndProject
Global
	GlobalSection(SolutionConfigurationPlatforms) = preSolution
		Debug|Any CPU = Debug|Any CPU
		Release|Any CPU = Release|Any CPU
	EndGlobalSection
	GlobalSection(ProjectConfigurationPlatforms) = postSolution
		{63A813B4-6FEC-4A31-88B3-2D658D1A0C29}.Debug|Any CPU.ActiveCfg = Debug|Any CPU
		{63A813B4-6FEC-4A31-88B3-2D658D1A0C29}.Debug|Any CPU.Build.0 = Debug|Any CPU
		{63A813B4-6FEC-4A31-88B3-2D658D1A0C29}.Release|Any CPU.ActiveCfg = Release|Any CPU
		{63A813B4-6FEC-4A31-88B3-2D658D1A0C29}.Release|Any CPU.Build.0 = Release|Any CPU
	EndGlobalSection
	GlobalSection(SolutionProperties) = preSolution
		HideSolutionNode = FALSE
	EndGlobalSection
	GlobalSection(ExtensibilityGlobals) = postSolution
		SolutionGuid = {FD7EAEEC-D05A-4747-AB96-40D4641CAEC4}
	EndGlobalSection
EndGlobal
